
Microsoft Visual Studio Solution File, Format Version 12.00
# Visual Studio 2013
VisualStudioVersion = 12.0.21005.1
MinimumVisualStudioVersion = 10.0.40219.1
Project("{FAE04EC0-301F-11D3-BF4B-00C04F79EFBC}") = "Tuan", "Tuan.csproj", "{1E8855B2-3663-4656-AA37-43B539BB2C5F}"
EndProject
Global
	GlobalSection(TeamFoundationVersionControl) = preSolution
		SccNumberOfProjects = 1
		SccEnterpriseProvider = {4CA58AB2-18FA-4F8D-95D4-32DDF27D184C}
		SccTeamFoundationServer = http://192.168.83.70:8080/tfs/hotel
		SccProjectUniqueName0 = Tuan.csproj
		SccProjectName0 = .
		SccAuxPath0 = http://192.168.83.70:8080/tfs/hotel
		SccLocalPath0 = .
		SccProvider0 = {4CA58AB2-18FA-4F8D-95D4-32DDF27D184C}
	EndGlobalSection
	GlobalSection(SolutionConfigurationPlatforms) = preSolution
		Debug|Any CPU = Debug|Any CPU
		Release|Any CPU = Release|Any CPU
	EndGlobalSection
	GlobalSection(ProjectConfigurationPlatforms) = postSolution
		{1E8855B2-3663-4656-AA37-43B539BB2C5F}.Debug|Any CPU.ActiveCfg = Debug|Any CPU
		{1E8855B2-3663-4656-AA37-43B539BB2C5F}.Debug|Any CPU.Build.0 = Debug|Any CPU
		{1E8855B2-3663-4656-AA37-43B539BB2C5F}.Release|Any CPU.ActiveCfg = Release|Any CPU
		{1E8855B2-3663-4656-AA37-43B539BB2C5F}.Release|Any CPU.Build.0 = Release|Any CPU
	EndGlobalSection
	GlobalSection(SolutionProperties) = preSolution
		HideSolutionNode = FALSE
	EndGlobalSection
EndGlobal
